
Microsoft Visual Studio Solution File, Format Version 12.00
# Visual Studio Version 17
VisualStudioVersion = 17.8.34316.72
MinimumVisualStudioVersion = 10.0.40219.1
Project("{FAE04EC0-301F-11D3-BF4B-00C04F79EFBC}") = "FoodCaloriesCalculator", "FoodCaloriesCalculator\FoodCaloriesCalculator.csproj", "{4D8C34CD-069C-44D4-9F2C-B555EE895FD3}"
EndProject
Global
	GlobalSection(SolutionConfigurationPlatforms) = preSolution
		Debug|Any CPU = Debug|Any CPU
		Release|Any CPU = Release|Any CPU
	EndGlobalSection
	GlobalSection(ProjectConfigurationPlatforms) = postSolution
		{4D8C34CD-069C-44D4-9F2C-B555EE895FD3}.Debug|Any CPU.ActiveCfg = Debug|Any CPU
		{4D8C34CD-069C-44D4-9F2C-B555EE895FD3}.Debug|Any CPU.Build.0 = Debug|Any CPU
		{4D8C34CD-069C-44D4-9F2C-B555EE895FD3}.Release|Any CPU.ActiveCfg = Release|Any CPU
		{4D8C34CD-069C-44D4-9F2C-B555EE895FD3}.Release|Any CPU.Build.0 = Release|Any CPU
	EndGlobalSection
	GlobalSection(SolutionProperties) = preSolution
		HideSolutionNode = FALSE
	EndGlobalSection
	GlobalSection(ExtensibilityGlobals) = postSolution
		SolutionGuid = {C4BA4069-6031-4DC8-B940-C3B91D4322DC}
	EndGlobalSection
EndGlobal
